{
  "name": "blooddark.github.io",
  "version": "1.0.0",
  "lockfileVersion": 1,
  "requires": true,
  "dependencies": {
    "@vuepress/plugin-blog": {
      "version": "1.0.0-alpha.0",
      "resolved": "http://registry.npm.taobao.org/@vuepress/plugin-blog/download/@vuepress/plugin-blog-1.0.0-alpha.0.tgz",
      "dev": true
    }
  }
}
